// !$*UTF8*$!
{
	archiveVersion = 1;
	classes = {
	};
	objectVersion = 56;
	objects = {

/* Begin PBXBuildFile section */
		3A0000000000000000000001 /* PosterApp.swift in Sources */ = {isa = PBXBuildFile; fileRef = 2A0000000000000000000001 /* PosterApp.swift */; };
		3A0000000000000000000002 /* ContentView.swift in Sources */ = {isa = PBXBuildFile; fileRef = 2A0000000000000000000002 /* ContentView.swift */; };
		3A0000000000000000000003 /* Models.swift in Sources */ = {isa = PBXBuildFile; fileRef = 2A0000000000000000000003 /* Models.swift */; };
		3A0000000000000000000004 /* PosterCanvasView.swift in Sources */ = {isa = PBXBuildFile; fileRef = 2A0000000000000000000004 /* PosterCanvasView.swift */; };
		3A0000000000000000000005 /* Assets.xcassets in Resources */ = {isa = PBXBuildFile; fileRef = 2A0000000000000000000005 /* Assets.xcassets */; };
/* End PBXBuildFile section */

/* Begin PBXFileReference section */
		1A0000000000000000000006 /* Poster.app */ = {isa = PBXFileReference; explicitFileType = wrapper.application; includeInIndex = 0; path = Poster.app; sourceTree = BUILT_PRODUCTS_DIR; };
		2A0000000000000000000001 /* PosterApp.swift */ = {isa = PBXFileReference; lastKnownFileType = sourcecode.swift; path = PosterApp.swift; sourceTree = "<group>"; };
		2A0000000000000000000002 /* ContentView.swift */ = {isa = PBXFileReference; lastKnownFileType = sourcecode.swift; path = ContentView.swift; sourceTree = "<group>"; };
		2A0000000000000000000003 /* Models.swift */ = {isa = PBXFileReference; lastKnownFileType = sourcecode.swift; path = Models.swift; sourceTree = "<group>"; };
		2A0000000000000000000004 /* PosterCanvasView.swift */ = {isa = PBXFileReference; lastKnownFileType = sourcecode.swift; path = PosterCanvasView.swift; sourceTree = "<group>"; };
		2A0000000000000000000005 /* Assets.xcassets */ = {isa = PBXFileReference; lastKnownFileType = folder.assetcatalog; path = Assets.xcassets; sourceTree = "<group>"; };
		2A0000000000000000000006 /* Poster.entitlements */ = {isa = PBXFileReference; lastKnownFileType = text.plist.entitlements; path = Poster.entitlements; sourceTree = "<group>"; };
/* End PBXFileReference section */

/* Begin PBXFrameworksBuildPhase section */
		1A0000000000000000000009 /* Frameworks */ = {
			isa = PBXFrameworksBuildPhase;
			buildActionMask = 2147483647;
			files = (
			);
			runOnlyForDeploymentPostprocessing = 0;
		};
/* End PBXFrameworksBuildPhase section */

/* Begin PBXGroup section */
		1A0000000000000000000002 = {
			isa = PBXGroup;
			children = (
				1A0000000000000000000004 /* Poster */,
				1A0000000000000000000003 /* Products */,
			);
			sourceTree = "<group>";
		};
		1A0000000000000000000003 /* Products */ = {
			isa = PBXGroup;
			children = (
				1A0000000000000000000006 /* Poster.app */,
			);
			name = Products;
			sourceTree = "<group>";
		};
		1A0000000000000000000004 /* Poster */ = {
			isa = PBXGroup;
			children = (
				2A0000000000000000000001 /* PosterApp.swift */,
				2A0000000000000000000002 /* ContentView.swift */,
				2A0000000000000000000004 /* PosterCanvasView.swift */,
				2A0000000000000000000003 /* Models.swift */,
				2A0000000000000000000005 /* Assets.xcassets */,
				2A0000000000000000000006 /* Poster.entitlements */,
			);
			path = Poster;
			sourceTree = "<group>";
		};
/* End PBXGroup section */

/* Begin PBXNativeTarget section */
		1A0000000000000000000005 /* Poster */ = {
			isa = PBXNativeTarget;
			buildConfigurationList = 1A000000000000000000000B /* Build configuration list for PBXNativeTarget "Poster" */;
			buildPhases = (
				1A0000000000000000000007 /* Sources */,
				1A0000000000000000000009 /* Frameworks */,
				1A0000000000000000000008 /* Resources */,
			);
			buildRules = (
			);
			dependencies = (
			);
			name = Poster;
			productName = Poster;
			productReference = 1A0000000000000000000006 /* Poster.app */;
			productType = "com.apple.product-type.application";
		};
/* End PBXNativeTarget section */

/* Begin PBXProject section */
		1A0000000000000000000001 /* Project object */ = {
			isa = PBXProject;
			attributes = {
				BuildIndependentTargetsInParallel = 1;
				LastSwiftUpdateCheck = 1500;
				LastUpgradeCheck = 1500;
				TargetAttributes = {
					1A0000000000000000000005 = {
						CreatedOnToolsVersion = 15.0;
					};
				};
			};
			buildConfigurationList = 1A000000000000000000000A /* Build configuration list for PBXProject "Poster" */;
			compatibilityVersion = "Xcode 14.0";
			developmentRegion = en;
			hasScannedForEncodings = 0;
			knownRegions = (
				en,
				Base,
			);
			mainGroup = 1A0000000000000000000002;
			productRefGroup = 1A0000000000000000000003 /* Products */;
			projectDirPath = "";
			projectRoot = "";
			targets = (
				1A0000000000000000000005 /* Poster */,
			);
		};
/* End PBXProject section */

/* Begin PBXResourcesBuildPhase section */
		1A0000000000000000000008 /* Resources */ = {
			isa = PBXResourcesBuildPhase;
			buildActionMask = 2147483647;
			files = (
				3A0000000000000000000005 /* Assets.xcassets in Resources */,
			);
			runOnlyForDeploymentPostprocessing = 0;
		};
/* End PBXResourcesBuildPhase section */

/* Begin PBXSourcesBuildPhase section */
		1A0000000000000000000007 /* Sources */ = {
			isa = PBXSourcesBuildPhase;
			buildActionMask = 2147483647;
			files = (
				3A0000000000000000000002 /* ContentView.swift in Sources */,
				3A0000000000000000000001 /* PosterApp.swift in Sources */,
				3A0000000000000000000004 /* PosterCanvasView.swift in Sources */,
				3A0000000000000000000003 /* Models.swift in Sources */,
			);
			runOnlyForDeploymentPostprocessing = 0;
		};
/* End PBXSourcesBuildPhase section */

/* Begin XCBuildConfiguration section */
		1A000000000000000000000C /* Debug */ = {
			isa = XCBuildConfiguration;
			buildSettings = {
				ALWAYS_SEARCH_USER_PATHS = NO;
				CLANG_ANALYZER_NONNULL = YES;
				CLANG_ENABLE_MODULES = YES;
				CLANG_ENABLE_OBJC_ARC = YES;
				COPY_PHASE_STRIP = NO;
				DEBUG_INFORMATION_FORMAT = dwarf;
				ENABLE_STRICT_OBJC_MSGSEND = YES;
				ENABLE_TESTABILITY = YES;
				GCC_DYNAMIC_NO_PIC = NO;
				GCC_OPTIMIZATION_LEVEL = 0;
				GCC_PREPROCESSOR_DEFINITIONS = (
					"DEBUG=1",
					"$(inherited)",
				);
				MACOSX_DEPLOYMENT_TARGET = 13.0;
				MTL_ENABLE_DEBUG_INFO = INCLUDE_SOURCE;
				ONLY_ACTIVE_ARCH = YES;
				SDKROOT = macosx;
				SWIFT_ACTIVE_COMPILATION_CONDITIONS = DEBUG;
				SWIFT_OPTIMIZATION_LEVEL = "-Onone";
			};
			name = Debug;
		};
		1A000000000000000000000D /* Release */ = {
			isa = XCBuildConfiguration;
			buildSettings = {
				ALWAYS_SEARCH_USER_PATHS = NO;
				CLANG_ANALYZER_NONNULL = YES;
				CLANG_ENABLE_MODULES = YES;
				CLANG_ENABLE_OBJC_ARC = YES;
				COPY_PHASE_STRIP = NO;
				DEBUG_INFORMATION_FORMAT = "dwarf-with-dsym";
				ENABLE_NS_ASSERTIONS = NO;
				ENABLE_STRICT_OBJC_MSGSEND = YES;
				GCC_OPTIMIZATION_LEVEL = s;
				MACOSX_DEPLOYMENT_TARGET = 13.0;
				MTL_ENABLE_DEBUG_INFO = NO;
				SDKROOT = macosx;
				SWIFT_COMPILATION_MODE = wholemodule;
				SWIFT_OPTIMIZATION_LEVEL = "-O";
			};
			name = Release;
		};
		1A000000000000000000000E /* Debug */ = {
			isa = XCBuildConfiguration;
			buildSettings = {
				ASSETCATALOG_COMPILER_APPICON_NAME = AppIcon;
				ASSETCATALOG_COMPILER_GLOBAL_ACCENT_COLOR_NAME = AccentColor;
				CODE_SIGN_ENTITLEMENTS = Poster/Poster.entitlements;
				CODE_SIGN_STYLE = Automatic;
				COMBINE_HIDPI_IMAGES = YES;
				CURRENT_PROJECT_VERSION = 1;
				ENABLE_HARDENED_RUNTIME = YES;
				GENERATE_INFOPLIST_FILE = YES;
				INFOPLIST_KEY_NSHumanReadableCopyright = "";
				INFOPLIST_KEY_NSPrincipalClass = NSApplication;
				LD_RUNPATH_SEARCH_PATHS = (
					"$(inherited)",
					"@executable_path/../Frameworks",
				);
				MARKETING_VERSION = 1.0;
				PRODUCT_BUNDLE_IDENTIFIER = com.poster.Poster;
				PRODUCT_NAME = "$(TARGET_NAME)";
				SWIFT_EMIT_LOC_STRINGS = YES;
				SWIFT_VERSION = 5.0;
			};
			name = Debug;
		};
		1A000000000000000000000F /* Release */ = {
			isa = XCBuildConfiguration;
			buildSettings = {
				ASSETCATALOG_COMPILER_APPICON_NAME = AppIcon;
				ASSETCATALOG_COMPILER_GLOBAL_ACCENT_COLOR_NAME = AccentColor;
				CODE_SIGN_ENTITLEMENTS = Poster/Poster.entitlements;
				CODE_SIGN_STYLE = Automatic;
				COMBINE_HIDPI_IMAGES = YES;
				CURRENT_PROJECT_VERSION = 1;
				ENABLE_HARDENED_RUNTIME = YES;
				GENERATE_INFOPLIST_FILE = YES;
				INFOPLIST_KEY_NSHumanReadableCopyright = "";
				INFOPLIST_KEY_NSPrincipalClass = NSApplication;
				LD_RUNPATH_SEARCH_PATHS = (
					"$(inherited)",
					"@executable_path/../Frameworks",
				);
				MARKETING_VERSION = 1.0;
				PRODUCT_BUNDLE_IDENTIFIER = com.poster.Poster;
				PRODUCT_NAME = "$(TARGET_NAME)";
				SWIFT_EMIT_LOC_STRINGS = YES;
				SWIFT_VERSION = 5.0;
			};
			name = Release;
		};
/* End XCBuildConfiguration section */

/* Begin XCConfigurationList section */
		1A000000000000000000000A /* Build configuration list for PBXProject "Poster" */ = {
			isa = XCConfigurationList;
			buildConfigurations = (
				1A000000000000000000000C /* Debug */,
				1A000000000000000000000D /* Release */,
			);
			defaultConfigurationIsVisible = 0;
			defaultConfigurationName = Release;
		};
		1A000000000000000000000B /* Build configuration list for PBXNativeTarget "Poster" */ = {
			isa = XCConfigurationList;
			buildConfigurations = (
				1A000000000000000000000E /* Debug */,
				1A000000000000000000000F /* Release */,
			);
			defaultConfigurationIsVisible = 0;
			defaultConfigurationName = Release;
		};
/* End XCConfigurationList section */
	};
	rootObject = 1A0000000000000000000001 /* Project object */;
}
